// !$*UTF8*$!
{
	archiveVersion = 1;
	classes = {
	};
	objectVersion = 50;
	objects = {

/* Begin PBXBuildFile section */
		693D7A65221739A30084C234 /* AppDelegate.swift in Sources */ = {isa = PBXBuildFile; fileRef = 693D7A64221739A30084C234 /* AppDelegate.swift */; };
		693D7A6A221739A30084C234 /* Main.storyboard in Resources */ = {isa = PBXBuildFile; fileRef = 693D7A68221739A30084C234 /* Main.storyboard */; };
		693D7A6C221739A70084C234 /* Assets.xcassets in Resources */ = {isa = PBXBuildFile; fileRef = 693D7A6B221739A70084C234 /* Assets.xcassets */; };
		693D7A6F221739A70084C234 /* LaunchScreen.storyboard in Resources */ = {isa = PBXBuildFile; fileRef = 693D7A6D221739A70084C234 /* LaunchScreen.storyboard */; };
		693D7A77221739C10084C234 /* Emoji.swift in Sources */ = {isa = PBXBuildFile; fileRef = 693D7A76221739C10084C234 /* Emoji.swift */; };
		693D7A7D22173C1A0084C234 /* EmojiTableViewController.swift in Sources */ = {isa = PBXBuildFile; fileRef = 693D7A7C22173C1A0084C234 /* EmojiTableViewController.swift */; };
		693D7A7F22173CB20084C234 /* EmojiTableViewController+UITableViewDataSource.swift in Sources */ = {isa = PBXBuildFile; fileRef = 693D7A7E22173CB20084C234 /* EmojiTableViewController+UITableViewDataSource.swift */; };
		693D7A8122173F860084C234 /* EmojiTableViewController+UITableViewDelegate.swift in Sources */ = {isa = PBXBuildFile; fileRef = 693D7A8022173F860084C234 /* EmojiTableViewController+UITableViewDelegate.swift */; };
		693D7A84221745D20084C234 /* EmojiTableViewCell.swift in Sources */ = {isa = PBXBuildFile; fileRef = 693D7A83221745D20084C234 /* EmojiTableViewCell.swift */; };
		69F9F8A5221C79D700D7E69C /* EmojiDetailTableViewController.swift in Sources */ = {isa = PBXBuildFile; fileRef = 69F9F8A4221C79D700D7E69C /* EmojiDetailTableViewController.swift */; };
		69F9F8A7221C7F9700D7E69C /* UITextField+textValue.swift in Sources */ = {isa = PBXBuildFile; fileRef = 69F9F8A6221C7F9600D7E69C /* UITextField+textValue.swift */; };
		69F9F8A9221C8CD200D7E69C /* EmojiStorage.swift in Sources */ = {isa = PBXBuildFile; fileRef = 69F9F8A8221C8CD200D7E69C /* EmojiStorage.swift */; };
/* End PBXBuildFile section */

/* Begin PBXFileReference section */
		693D7A61221739A30084C234 /* Emoji Dictionary.app */ = {isa = PBXFileReference; explicitFileType = wrapper.application; includeInIndex = 0; path = "Emoji Dictionary.app"; sourceTree = BUILT_PRODUCTS_DIR; };
		693D7A64221739A30084C234 /* AppDelegate.swift */ = {isa = PBXFileReference; lastKnownFileType = sourcecode.swift; path = AppDelegate.swift; sourceTree = "<group>"; };
		693D7A69221739A30084C234 /* Base */ = {isa = PBXFileReference; lastKnownFileType = file.storyboard; name = Base; path = Base.lproj/Main.storyboard; sourceTree = "<group>"; };
		693D7A6B221739A70084C234 /* Assets.xcassets */ = {isa = PBXFileReference; lastKnownFileType = folder.assetcatalog; path = Assets.xcassets; sourceTree = "<group>"; };
		693D7A6E221739A70084C234 /* Base */ = {isa = PBXFileReference; lastKnownFileType = file.storyboard; name = Base; path = Base.lproj/LaunchScreen.storyboard; sourceTree = "<group>"; };
		693D7A70221739A70084C234 /* Info.plist */ = {isa = PBXFileReference; lastKnownFileType = text.plist.xml; path = Info.plist; sourceTree = "<group>"; };
		693D7A76221739C10084C234 /* Emoji.swift */ = {isa = PBXFileReference; lastKnownFileType = sourcecode.swift; path = Emoji.swift; sourceTree = "<group>"; };
		693D7A7C22173C1A0084C234 /* EmojiTableViewController.swift */ = {isa = PBXFileReference; lastKnownFileType = sourcecode.swift; path = EmojiTableViewController.swift; sourceTree = "<group>"; };
		693D7A7E22173CB20084C234 /* EmojiTableViewController+UITableViewDataSource.swift */ = {isa = PBXFileReference; lastKnownFileType = sourcecode.swift; path = "EmojiTableViewController+UITableViewDataSource.swift"; sourceTree = "<group>"; };
		693D7A8022173F860084C234 /* EmojiTableViewController+UITableViewDelegate.swift */ = {isa = PBXFileReference; lastKnownFileType = sourcecode.swift; path = "EmojiTableViewController+UITableViewDelegate.swift"; sourceTree = "<group>"; };
		693D7A83221745D20084C234 /* EmojiTableViewCell.swift */ = {isa = PBXFileReference; lastKnownFileType = sourcecode.swift; path = EmojiTableViewCell.swift; sourceTree = "<group>"; };
		69F9F8A4221C79D700D7E69C /* EmojiDetailTableViewController.swift */ = {isa = PBXFileReference; lastKnownFileType = sourcecode.swift; path = EmojiDetailTableViewController.swift; sourceTree = "<group>"; };
		69F9F8A6221C7F9600D7E69C /* UITextField+textValue.swift */ = {isa = PBXFileReference; lastKnownFileType = sourcecode.swift; path = "UITextField+textValue.swift"; sourceTree = "<group>"; };
		69F9F8A8221C8CD200D7E69C /* EmojiStorage.swift */ = {isa = PBXFileReference; lastKnownFileType = sourcecode.swift; path = EmojiStorage.swift; sourceTree = "<group>"; };
/* End PBXFileReference section */

/* Begin PBXFrameworksBuildPhase section */
		693D7A5E221739A30084C234 /* Frameworks */ = {
			isa = PBXFrameworksBuildPhase;
			buildActionMask = 2147483647;
			files = (
			);
			runOnlyForDeploymentPostprocessing = 0;
		};
/* End PBXFrameworksBuildPhase section */

/* Begin PBXGroup section */
		693D7A58221739A30084C234 = {
			isa = PBXGroup;
			children = (
				693D7A63221739A30084C234 /* Emoji Dictionary */,
				693D7A62221739A30084C234 /* Products */,
			);
			sourceTree = "<group>";
		};
		693D7A62221739A30084C234 /* Products */ = {
			isa = PBXGroup;
			children = (
				693D7A61221739A30084C234 /* Emoji Dictionary.app */,
			);
			name = Products;
			sourceTree = "<group>";
		};
		693D7A63221739A30084C234 /* Emoji Dictionary */ = {
			isa = PBXGroup;
			children = (
				693D7A7822173AF10084C234 /* Model */,
				693D7A7922173B0D0084C234 /* View */,
				693D7A7B22173B3A0084C234 /* Controllers */,
				693D7A7A22173B1B0084C234 /* Resources */,
				693D7A70221739A70084C234 /* Info.plist */,
			);
			path = "Emoji Dictionary";
			sourceTree = "<group>";
		};
		693D7A7822173AF10084C234 /* Model */ = {
			isa = PBXGroup;
			children = (
				693D7A76221739C10084C234 /* Emoji.swift */,
				69F9F8A6221C7F9600D7E69C /* UITextField+textValue.swift */,
				69F9F8A8221C8CD200D7E69C /* EmojiStorage.swift */,
			);
			path = Model;
			sourceTree = "<group>";
		};
		693D7A7922173B0D0084C234 /* View */ = {
			isa = PBXGroup;
			children = (
				693D7A83221745D20084C234 /* EmojiTableViewCell.swift */,
				693D7A68221739A30084C234 /* Main.storyboard */,
				693D7A6D221739A70084C234 /* LaunchScreen.storyboard */,
			);
			path = View;
			sourceTree = "<group>";
		};
		693D7A7A22173B1B0084C234 /* Resources */ = {
			isa = PBXGroup;
			children = (
				693D7A64221739A30084C234 /* AppDelegate.swift */,
				693D7A6B221739A70084C234 /* Assets.xcassets */,
			);
			path = Resources;
			sourceTree = "<group>";
		};
		693D7A7B22173B3A0084C234 /* Controllers */ = {
			isa = PBXGroup;
			children = (
				693D7A822217435C0084C234 /* EmojiTableViewController */,
				69F9F8A3221C798D00D7E69C /* EmojiDetailTableViewController */,
			);
			path = Controllers;
			sourceTree = "<group>";
		};
		693D7A822217435C0084C234 /* EmojiTableViewController */ = {
			isa = PBXGroup;
			children = (
				693D7A7C22173C1A0084C234 /* EmojiTableViewController.swift */,
				693D7A7E22173CB20084C234 /* EmojiTableViewController+UITableViewDataSource.swift */,
				693D7A8022173F860084C234 /* EmojiTableViewController+UITableViewDelegate.swift */,
			);
			path = EmojiTableViewController;
			sourceTree = "<group>";
		};
		69F9F8A3221C798D00D7E69C /* EmojiDetailTableViewController */ = {
			isa = PBXGroup;
			children = (
				69F9F8A4221C79D700D7E69C /* EmojiDetailTableViewController.swift */,
			);
			path = EmojiDetailTableViewController;
			sourceTree = "<group>";
		};
/* End PBXGroup section */

/* Begin PBXNativeTarget section */
		693D7A60221739A30084C234 /* Emoji Dictionary */ = {
			isa = PBXNativeTarget;
			buildConfigurationList = 693D7A73221739A70084C234 /* Build configuration list for PBXNativeTarget "Emoji Dictionary" */;
			buildPhases = (
				693D7A5D221739A30084C234 /* Sources */,
				693D7A5E221739A30084C234 /* Frameworks */,
				693D7A5F221739A30084C234 /* Resources */,
			);
			buildRules = (
			);
			dependencies = (
			);
			name = "Emoji Dictionary";
			productName = "Emoji Dictionary";
			productReference = 693D7A61221739A30084C234 /* Emoji Dictionary.app */;
			productType = "com.apple.product-type.application";
		};
/* End PBXNativeTarget section */

/* Begin PBXProject section */
		693D7A59221739A30084C234 /* Project object */ = {
			isa = PBXProject;
			attributes = {
				LastSwiftUpdateCheck = 1010;
				LastUpgradeCheck = 1010;
				ORGANIZATIONNAME = "Denis Bystruev";
				TargetAttributes = {
					693D7A60221739A30084C234 = {
						CreatedOnToolsVersion = 10.1;
					};
				};
			};
			buildConfigurationList = 693D7A5C221739A30084C234 /* Build configuration list for PBXProject "Emoji Dictionary" */;
			compatibilityVersion = "Xcode 9.3";
			developmentRegion = en;
			hasScannedForEncodings = 0;
			knownRegions = (
				en,
				Base,
			);
			mainGroup = 693D7A58221739A30084C234;
			productRefGroup = 693D7A62221739A30084C234 /* Products */;
			projectDirPath = "";
			projectRoot = "";
			targets = (
				693D7A60221739A30084C234 /* Emoji Dictionary */,
			);
		};
/* End PBXProject section */

/* Begin PBXResourcesBuildPhase section */
		693D7A5F221739A30084C234 /* Resources */ = {
			isa = PBXResourcesBuildPhase;
			buildActionMask = 2147483647;
			files = (
				693D7A6F221739A70084C234 /* LaunchScreen.storyboard in Resources */,
				693D7A6C221739A70084C234 /* Assets.xcassets in Resources */,
				693D7A6A221739A30084C234 /* Main.storyboard in Resources */,
			);
			runOnlyForDeploymentPostprocessing = 0;
		};
/* End PBXResourcesBuildPhase section */

/* Begin PBXSourcesBuildPhase section */
		693D7A5D221739A30084C234 /* Sources */ = {
			isa = PBXSourcesBuildPhase;
			buildActionMask = 2147483647;
			files = (
				693D7A8122173F860084C234 /* EmojiTableViewController+UITableViewDelegate.swift in Sources */,
				693D7A77221739C10084C234 /* Emoji.swift in Sources */,
				69F9F8A7221C7F9700D7E69C /* UITextField+textValue.swift in Sources */,
				693D7A7F22173CB20084C234 /* EmojiTableViewController+UITableViewDataSource.swift in Sources */,
				69F9F8A5221C79D700D7E69C /* EmojiDetailTableViewController.swift in Sources */,
				69F9F8A9221C8CD200D7E69C /* EmojiStorage.swift in Sources */,
				693D7A7D22173C1A0084C234 /* EmojiTableViewController.swift in Sources */,
				693D7A84221745D20084C234 /* EmojiTableViewCell.swift in Sources */,
				693D7A65221739A30084C234 /* AppDelegate.swift in Sources */,
			);
			runOnlyForDeploymentPostprocessing = 0;
		};
/* End PBXSourcesBuildPhase section */

/* Begin PBXVariantGroup section */
		693D7A68221739A30084C234 /* Main.storyboard */ = {
			isa = PBXVariantGroup;
			children = (
				693D7A69221739A30084C234 /* Base */,
			);
			name = Main.storyboard;
			sourceTree = "<group>";
		};
		693D7A6D221739A70084C234 /* LaunchScreen.storyboard */ = {
			isa = PBXVariantGroup;
			children = (
				693D7A6E221739A70084C234 /* Base */,
			);
			name = LaunchScreen.storyboard;
			sourceTree = "<group>";
		};
/* End PBXVariantGroup section */

/* Begin XCBuildConfiguration section */
		693D7A71221739A70084C234 /* Debug */ = {
			isa = XCBuildConfiguration;
			buildSettings = {
				ALWAYS_SEARCH_USER_PATHS = NO;
				CLANG_ANALYZER_NONNULL = YES;
				CLANG_ANALYZER_NUMBER_OBJECT_CONVERSION = YES_AGGRESSIVE;
				CLANG_CXX_LANGUAGE_STANDARD = "gnu++14";
				CLANG_CXX_LIBRARY = "libc++";
				CLANG_ENABLE_MODULES = YES;
				CLANG_ENABLE_OBJC_ARC = YES;
				CLANG_ENABLE_OBJC_WEAK = YES;
				CLANG_WARN_BLOCK_CAPTURE_AUTORELEASING = YES;
				CLANG_WARN_BOOL_CONVERSION = YES;
				CLANG_WARN_COMMA = YES;
				CLANG_WARN_CONSTANT_CONVERSION = YES;
				CLANG_WARN_DEPRECATED_OBJC_IMPLEMENTATIONS = YES;
				CLANG_WARN_DIRECT_OBJC_ISA_USAGE = YES_ERROR;
				CLANG_WARN_DOCUMENTATION_COMMENTS = YES;
				CLANG_WARN_EMPTY_BODY = YES;
				CLANG_WARN_ENUM_CONVERSION = YES;
				CLANG_WARN_INFINITE_RECURSION = YES;
				CLANG_WARN_INT_CONVERSION = YES;
				CLANG_WARN_NON_LITERAL_NULL_CONVERSION = YES;
				CLANG_WARN_OBJC_IMPLICIT_RETAIN_SELF = YES;
				CLANG_WARN_OBJC_LITERAL_CONVERSION = YES;
				CLANG_WARN_OBJC_ROOT_CLASS = YES_ERROR;
				CLANG_WARN_RANGE_LOOP_ANALYSIS = YES;
				CLANG_WARN_STRICT_PROTOTYPES = YES;
				CLANG_WARN_SUSPICIOUS_MOVE = YES;
				CLANG_WARN_UNGUARDED_AVAILABILITY = YES_AGGRESSIVE;
				CLANG_WARN_UNREACHABLE_CODE = YES;
				CLANG_WARN__DUPLICATE_METHOD_MATCH = YES;
				CODE_SIGN_IDENTITY = "iPhone Developer";
				COPY_PHASE_STRIP = NO;
				DEBUG_INFORMATION_FORMAT = dwarf;
				ENABLE_STRICT_OBJC_MSGSEND = YES;
				ENABLE_TESTABILITY = YES;
				GCC_C_LANGUAGE_STANDARD = gnu11;
				GCC_DYNAMIC_NO_PIC = NO;
				GCC_NO_COMMON_BLOCKS = YES;
				GCC_OPTIMIZATION_LEVEL = 0;
				GCC_PREPROCESSOR_DEFINITIONS = (
					"DEBUG=1",
					"$(inherited)",
				);
				GCC_WARN_64_TO_32_BIT_CONVERSION = YES;
				GCC_WARN_ABOUT_RETURN_TYPE = YES_ERROR;
				GCC_WARN_UNDECLARED_SELECTOR = YES;
				GCC_WARN_UNINITIALIZED_AUTOS = YES_AGGRESSIVE;
				GCC_WARN_UNUSED_FUNCTION = YES;
				GCC_WARN_UNUSED_VARIABLE = YES;
				IPHONEOS_DEPLOYMENT_TARGET = 12.1;
				MTL_ENABLE_DEBUG_INFO = INCLUDE_SOURCE;
				MTL_FAST_MATH = YES;
				ONLY_ACTIVE_ARCH = YES;
				SDKROOT = iphoneos;
				SWIFT_ACTIVE_COMPILATION_CONDITIONS = DEBUG;
				SWIFT_OPTIMIZATION_LEVEL = "-Onone";
			};
			name = Debug;
		};
		693D7A72221739A70084C234 /* Release */ = {
			isa = XCBuildConfiguration;
			buildSettings = {
				ALWAYS_SEARCH_USER_PATHS = NO;
				CLANG_ANALYZER_NONNULL = YES;
				CLANG_ANALYZER_NUMBER_OBJECT_CONVERSION = YES_AGGRESSIVE;
				CLANG_CXX_LANGUAGE_STANDARD = "gnu++14";
				CLANG_CXX_LIBRARY = "libc++";
				CLANG_ENABLE_MODULES = YES;
				CLANG_ENABLE_OBJC_ARC = YES;
				CLANG_ENABLE_OBJC_WEAK = YES;
				CLANG_WARN_BLOCK_CAPTURE_AUTORELEASING = YES;
				CLANG_WARN_BOOL_CONVERSION = YES;
				CLANG_WARN_COMMA = YES;
				CLANG_WARN_CONSTANT_CONVERSION = YES;
				CLANG_WARN_DEPRECATED_OBJC_IMPLEMENTATIONS = YES;
				CLANG_WARN_DIRECT_OBJC_ISA_USAGE = YES_ERROR;
				CLANG_WARN_DOCUMENTATION_COMMENTS = YES;
				CLANG_WARN_EMPTY_BODY = YES;
				CLANG_WARN_ENUM_CONVERSION = YES;
				CLANG_WARN_INFINITE_RECURSION = YES;
				CLANG_WARN_INT_CONVERSION = YES;
				CLANG_WARN_NON_LITERAL_NULL_CONVERSION = YES;
				CLANG_WARN_OBJC_IMPLICIT_RETAIN_SELF = YES;
				CLANG_WARN_OBJC_LITERAL_CONVERSION = YES;
				CLANG_WARN_OBJC_ROOT_CLASS = YES_ERROR;
				CLANG_WARN_RANGE_LOOP_ANALYSIS = YES;
				CLANG_WARN_STRICT_PROTOTYPES = YES;
				CLANG_WARN_SUSPICIOUS_MOVE = YES;
				CLANG_WARN_UNGUARDED_AVAILABILITY = YES_AGGRESSIVE;
				CLANG_WARN_UNREACHABLE_CODE = YES;
				CLANG_WARN__DUPLICATE_METHOD_MATCH = YES;
				CODE_SIGN_IDENTITY = "iPhone Developer";
				COPY_PHASE_STRIP = NO;
				DEBUG_INFORMATION_FORMAT = "dwarf-with-dsym";
				ENABLE_NS_ASSERTIONS = NO;
				ENABLE_STRICT_OBJC_MSGSEND = YES;
				GCC_C_LANGUAGE_STANDARD = gnu11;
				GCC_NO_COMMON_BLOCKS = YES;
				GCC_WARN_64_TO_32_BIT_CONVERSION = YES;
				GCC_WARN_ABOUT_RETURN_TYPE = YES_ERROR;
				GCC_WARN_UNDECLARED_SELECTOR = YES;
				GCC_WARN_UNINITIALIZED_AUTOS = YES_AGGRESSIVE;
				GCC_WARN_UNUSED_FUNCTION = YES;
				GCC_WARN_UNUSED_VARIABLE = YES;
				IPHONEOS_DEPLOYMENT_TARGET = 12.1;
				MTL_ENABLE_DEBUG_INFO = NO;
				MTL_FAST_MATH = YES;
				SDKROOT = iphoneos;
				SWIFT_COMPILATION_MODE = wholemodule;
				SWIFT_OPTIMIZATION_LEVEL = "-O";
				VALIDATE_PRODUCT = YES;
			};
			name = Release;
		};
		693D7A74221739A70084C234 /* Debug */ = {
			isa = XCBuildConfiguration;
			buildSettings = {
				ASSETCATALOG_COMPILER_APPICON_NAME = AppIcon;
				CODE_SIGN_STYLE = Automatic;
				DEVELOPMENT_TEAM = 8J39KF9DMS;
				INFOPLIST_FILE = "Emoji Dictionary/Info.plist";
				LD_RUNPATH_SEARCH_PATHS = (
					"$(inherited)",
					"@executable_path/Frameworks",
				);
				PRODUCT_BUNDLE_IDENTIFIER = "ru.learnSwift.Emoji-Dictionary";
				PRODUCT_NAME = "$(TARGET_NAME)";
				SWIFT_VERSION = 4.2;
				TARGETED_DEVICE_FAMILY = "1,2";
			};
			name = Debug;
		};
		693D7A75221739A70084C234 /* Release */ = {
			isa = XCBuildConfiguration;
			buildSettings = {
				ASSETCATALOG_COMPILER_APPICON_NAME = AppIcon;
				CODE_SIGN_STYLE = Automatic;
				DEVELOPMENT_TEAM = 8J39KF9DMS;
				INFOPLIST_FILE = "Emoji Dictionary/Info.plist";
				LD_RUNPATH_SEARCH_PATHS = (
					"$(inherited)",
					"@executable_path/Frameworks",
				);
				PRODUCT_BUNDLE_IDENTIFIER = "ru.learnSwift.Emoji-Dictionary";
				PRODUCT_NAME = "$(TARGET_NAME)";
				SWIFT_VERSION = 4.2;
				TARGETED_DEVICE_FAMILY = "1,2";
			};
			name = Release;
		};
/* End XCBuildConfiguration section */

/* Begin XCConfigurationList section */
		693D7A5C221739A30084C234 /* Build configuration list for PBXProject "Emoji Dictionary" */ = {
			isa = XCConfigurationList;
			buildConfigurations = (
				693D7A71221739A70084C234 /* Debug */,
				693D7A72221739A70084C234 /* Release */,
			);
			defaultConfigurationIsVisible = 0;
			defaultConfigurationName = Release;
		};
		693D7A73221739A70084C234 /* Build configuration list for PBXNativeTarget "Emoji Dictionary" */ = {
			isa = XCConfigurationList;
			buildConfigurations = (
				693D7A74221739A70084C234 /* Debug */,
				693D7A75221739A70084C234 /* Release */,
			);
			defaultConfigurationIsVisible = 0;
			defaultConfigurationName = Release;
		};
/* End XCConfigurationList section */
	};
	rootObject = 693D7A59221739A30084C234 /* Project object */;
}
